// !$*UTF8*$!
{
	archiveVersion = 1;
	classes = {
	};
	objectVersion = 46;
	objects = {

/* Begin PBXBuildFile section */
		04BB98FA168A63D900C60B36 /* article.cc in Sources */ = {isa = PBXBuildFile; fileRef = 04BB98E9168A63D900C60B36 /* article.cc */; };
		04BB98FB168A63D900C60B36 /* decoded_article.cc in Sources */ = {isa = PBXBuildFile; fileRef = 04BB98EB168A63D900C60B36 /* decoded_article.cc */; };
		04BB98FC168A63D900C60B36 /* group.cc in Sources */ = {isa = PBXBuildFile; fileRef = 04BB98ED168A63D900C60B36 /* group.cc */; };
		04BB98FD168A63D900C60B36 /* main.cpp in Sources */ = {isa = PBXBuildFile; fileRef = 04BB98F3168A63D900C60B36 /* main.cpp */; };
		04BB98FE168A63D900C60B36 /* nntp.cc in Sources */ = {isa = PBXBuildFile; fileRef = 04BB98F5168A63D900C60B36 /* nntp.cc */; };
		04BB98FF168A63D900C60B36 /* socket_wrapper.cc in Sources */ = {isa = PBXBuildFile; fileRef = 04BB98F8168A63D900C60B36 /* socket_wrapper.cc */; };
		04BB9902168A653100C60B36 /* libcrypto.dylib in Frameworks */ = {isa = PBXBuildFile; fileRef = 04BB9901168A653100C60B36 /* libcrypto.dylib */; };
		04BB9904168A653C00C60B36 /* libssl.dylib in Frameworks */ = {isa = PBXBuildFile; fileRef = 04BB9903168A653C00C60B36 /* libssl.dylib */; };
/* End PBXBuildFile section */

/* Begin PBXCopyFilesBuildPhase section */
		04A65DC4167CC050006FC8BC /* CopyFiles */ = {
			isa = PBXCopyFilesBuildPhase;
			buildActionMask = 2147483647;
			dstPath = /usr/share/man/man1/;
			dstSubfolderSpec = 0;
			files = (
			);
			runOnlyForDeploymentPostprocessing = 1;
		};
/* End PBXCopyFilesBuildPhase section */

/* Begin PBXFileReference section */
		04A65DC6167CC050006FC8BC /* cppnzb */ = {isa = PBXFileReference; explicitFileType = "compiled.mach-o.executable"; includeInIndex = 0; path = cppnzb; sourceTree = BUILT_PRODUCTS_DIR; };
		04BB98E9168A63D900C60B36 /* article.cc */ = {isa = PBXFileReference; fileEncoding = 4; lastKnownFileType = sourcecode.cpp.cpp; path = article.cc; sourceTree = "<group>"; };
		04BB98EA168A63D900C60B36 /* article.h */ = {isa = PBXFileReference; fileEncoding = 4; lastKnownFileType = sourcecode.c.h; path = article.h; sourceTree = "<group>"; };
		04BB98EB168A63D900C60B36 /* decoded_article.cc */ = {isa = PBXFileReference; fileEncoding = 4; lastKnownFileType = sourcecode.cpp.cpp; path = decoded_article.cc; sourceTree = "<group>"; };
		04BB98EC168A63D900C60B36 /* decoded_article.h */ = {isa = PBXFileReference; fileEncoding = 4; lastKnownFileType = sourcecode.c.h; path = decoded_article.h; sourceTree = "<group>"; };
		04BB98ED168A63D900C60B36 /* group.cc */ = {isa = PBXFileReference; fileEncoding = 4; lastKnownFileType = sourcecode.cpp.cpp; path = group.cc; sourceTree = "<group>"; };
		04BB98EE168A63D900C60B36 /* group.h */ = {isa = PBXFileReference; fileEncoding = 4; lastKnownFileType = sourcecode.c.h; path = group.h; sourceTree = "<group>"; };
		04BB98F0168A63D900C60B36 /* cppnzb.pch */ = {isa = PBXFileReference; fileEncoding = 4; lastKnownFileType = sourcecode.c.h; path = cppnzb.pch; sourceTree = "<group>"; };
		04BB98F1168A63D900C60B36 /* exceptions.h */ = {isa = PBXFileReference; fileEncoding = 4; lastKnownFileType = sourcecode.c.h; path = exceptions.h; sourceTree = "<group>"; };
		04BB98F2168A63D900C60B36 /* intrusive_ptr.h */ = {isa = PBXFileReference; fileEncoding = 4; lastKnownFileType = sourcecode.c.h; path = intrusive_ptr.h; sourceTree = "<group>"; };
		04BB98F3168A63D900C60B36 /* main.cpp */ = {isa = PBXFileReference; fileEncoding = 4; lastKnownFileType = sourcecode.cpp.cpp; path = main.cpp; sourceTree = "<group>"; };
		04BB98F5168A63D900C60B36 /* nntp.cc */ = {isa = PBXFileReference; fileEncoding = 4; lastKnownFileType = sourcecode.cpp.cpp; path = nntp.cc; sourceTree = "<group>"; };
		04BB98F6168A63D900C60B36 /* nntp.h */ = {isa = PBXFileReference; fileEncoding = 4; lastKnownFileType = sourcecode.c.h; path = nntp.h; sourceTree = "<group>"; };
		04BB98F8168A63D900C60B36 /* socket_wrapper.cc */ = {isa = PBXFileReference; fileEncoding = 4; lastKnownFileType = sourcecode.cpp.cpp; path = socket_wrapper.cc; sourceTree = "<group>"; };
		04BB98F9168A63D900C60B36 /* socket_wrapper.h */ = {isa = PBXFileReference; fileEncoding = 4; lastKnownFileType = sourcecode.c.h; path = socket_wrapper.h; sourceTree = "<group>"; };
		04BB9901168A653100C60B36 /* libcrypto.dylib */ = {isa = PBXFileReference; lastKnownFileType = "compiled.mach-o.dylib"; name = libcrypto.dylib; path = usr/lib/libcrypto.dylib; sourceTree = SDKROOT; };
		04BB9903168A653C00C60B36 /* libssl.dylib */ = {isa = PBXFileReference; lastKnownFileType = "compiled.mach-o.dylib"; name = libssl.dylib; path = usr/lib/libssl.dylib; sourceTree = SDKROOT; };
/* End PBXFileReference section */

/* Begin PBXFrameworksBuildPhase section */
		04A65DC3167CC050006FC8BC /* Frameworks */ = {
			isa = PBXFrameworksBuildPhase;
			buildActionMask = 2147483647;
			files = (
				04BB9904168A653C00C60B36 /* libssl.dylib in Frameworks */,
				04BB9902168A653100C60B36 /* libcrypto.dylib in Frameworks */,
			);
			runOnlyForDeploymentPostprocessing = 0;
		};
/* End PBXFrameworksBuildPhase section */

/* Begin PBXGroup section */
		04A65DBB167CC050006FC8BC = {
			isa = PBXGroup;
			children = (
				04BB9900168A651F00C60B36 /* lib */,
				04BB98E7168A63D900C60B36 /* src */,
				04A65DC7167CC050006FC8BC /* Products */,
			);
			sourceTree = "<group>";
		};
		04A65DC7167CC050006FC8BC /* Products */ = {
			isa = PBXGroup;
			children = (
				04A65DC6167CC050006FC8BC /* cppnzb */,
			);
			name = Products;
			sourceTree = "<group>";
		};
		04BB98E7168A63D900C60B36 /* src */ = {
			isa = PBXGroup;
			children = (
				04BB98F4168A63D900C60B36 /* nntp */,
				04BB98F7168A63D900C60B36 /* socket */,
				04BB98E8168A63D900C60B36 /* bom */,
				04BB98EF168A63D900C60B36 /* common */,
				04BB98F3168A63D900C60B36 /* main.cpp */,
			);
			name = src;
			path = ../../src;
			sourceTree = "<group>";
		};
		04BB98E8168A63D900C60B36 /* bom */ = {
			isa = PBXGroup;
			children = (
				04BB98E9168A63D900C60B36 /* article.cc */,
				04BB98EA168A63D900C60B36 /* article.h */,
				04BB98EB168A63D900C60B36 /* decoded_article.cc */,
				04BB98EC168A63D900C60B36 /* decoded_article.h */,
				04BB98ED168A63D900C60B36 /* group.cc */,
				04BB98EE168A63D900C60B36 /* group.h */,
			);
			path = bom;
			sourceTree = "<group>";
		};
		04BB98EF168A63D900C60B36 /* common */ = {
			isa = PBXGroup;
			children = (
				04BB98F0168A63D900C60B36 /* cppnzb.pch */,
				04BB98F1168A63D900C60B36 /* exceptions.h */,
				04BB98F2168A63D900C60B36 /* intrusive_ptr.h */,
			);
			path = common;
			sourceTree = "<group>";
		};
		04BB98F4168A63D900C60B36 /* nntp */ = {
			isa = PBXGroup;
			children = (
				04BB98F5168A63D900C60B36 /* nntp.cc */,
				04BB98F6168A63D900C60B36 /* nntp.h */,
			);
			path = nntp;
			sourceTree = "<group>";
		};
		04BB98F7168A63D900C60B36 /* socket */ = {
			isa = PBXGroup;
			children = (
				04BB98F8168A63D900C60B36 /* socket_wrapper.cc */,
				04BB98F9168A63D900C60B36 /* socket_wrapper.h */,
			);
			path = socket;
			sourceTree = "<group>";
		};
		04BB9900168A651F00C60B36 /* lib */ = {
			isa = PBXGroup;
			children = (
				04BB9903168A653C00C60B36 /* libssl.dylib */,
				04BB9901168A653100C60B36 /* libcrypto.dylib */,
			);
			name = lib;
			sourceTree = "<group>";
		};
/* End PBXGroup section */

/* Begin PBXNativeTarget section */
		04A65DC5167CC050006FC8BC /* cppnzb */ = {
			isa = PBXNativeTarget;
			buildConfigurationList = 04A65DD0167CC050006FC8BC /* Build configuration list for PBXNativeTarget "cppnzb" */;
			buildPhases = (
				04A65DC2167CC050006FC8BC /* Sources */,
				04A65DC3167CC050006FC8BC /* Frameworks */,
				04A65DC4167CC050006FC8BC /* CopyFiles */,
			);
			buildRules = (
			);
			dependencies = (
			);
			name = cppnzb;
			productName = cppnzb;
			productReference = 04A65DC6167CC050006FC8BC /* cppnzb */;
			productType = "com.apple.product-type.tool";
		};
/* End PBXNativeTarget section */

/* Begin PBXProject section */
		04A65DBD167CC050006FC8BC /* Project object */ = {
			isa = PBXProject;
			attributes = {
				LastUpgradeCheck = 0450;
				ORGANIZATIONNAME = "Johan Attali";
			};
			buildConfigurationList = 04A65DC0167CC050006FC8BC /* Build configuration list for PBXProject "cppnzb" */;
			compatibilityVersion = "Xcode 3.2";
			developmentRegion = English;
			hasScannedForEncodings = 0;
			knownRegions = (
				en,
			);
			mainGroup = 04A65DBB167CC050006FC8BC;
			productRefGroup = 04A65DC7167CC050006FC8BC /* Products */;
			projectDirPath = "";
			projectRoot = "";
			targets = (
				04A65DC5167CC050006FC8BC /* cppnzb */,
			);
		};
/* End PBXProject section */

/* Begin PBXSourcesBuildPhase section */
		04A65DC2167CC050006FC8BC /* Sources */ = {
			isa = PBXSourcesBuildPhase;
			buildActionMask = 2147483647;
			files = (
				04BB98FA168A63D900C60B36 /* article.cc in Sources */,
				04BB98FB168A63D900C60B36 /* decoded_article.cc in Sources */,
				04BB98FC168A63D900C60B36 /* group.cc in Sources */,
				04BB98FD168A63D900C60B36 /* main.cpp in Sources */,
				04BB98FE168A63D900C60B36 /* nntp.cc in Sources */,
				04BB98FF168A63D900C60B36 /* socket_wrapper.cc in Sources */,
			);
			runOnlyForDeploymentPostprocessing = 0;
		};
/* End PBXSourcesBuildPhase section */

/* Begin XCBuildConfiguration section */
		04A65DCE167CC050006FC8BC /* Debug */ = {
			isa = XCBuildConfiguration;
			buildSettings = {
				ALWAYS_SEARCH_USER_PATHS = NO;
				ARCHS = "$(ARCHS_STANDARD_64_BIT)";
				CLANG_CXX_LANGUAGE_STANDARD = "gnu++0x";
				CLANG_CXX_LIBRARY = "libc++";
				CLANG_WARN_EMPTY_BODY = YES;
				CLANG_WARN__DUPLICATE_METHOD_MATCH = YES;
				COPY_PHASE_STRIP = NO;
				GCC_C_LANGUAGE_STANDARD = gnu99;
				GCC_DYNAMIC_NO_PIC = NO;
				GCC_ENABLE_OBJC_EXCEPTIONS = YES;
				GCC_OPTIMIZATION_LEVEL = 0;
				GCC_PREPROCESSOR_DEFINITIONS = (
					"DEBUG=1",
					"$(inherited)",
				);
				GCC_SYMBOLS_PRIVATE_EXTERN = NO;
				GCC_VERSION = com.apple.compilers.llvmgcc42;
				GCC_WARN_64_TO_32_BIT_CONVERSION = YES;
				GCC_WARN_ABOUT_RETURN_TYPE = YES;
				GCC_WARN_UNINITIALIZED_AUTOS = YES;
				GCC_WARN_UNUSED_VARIABLE = YES;
				MACOSX_DEPLOYMENT_TARGET = 10.8;
				ONLY_ACTIVE_ARCH = YES;
				SDKROOT = macosx;
			};
			name = Debug;
		};
		04A65DCF167CC050006FC8BC /* Release */ = {
			isa = XCBuildConfiguration;
			buildSettings = {
				ALWAYS_SEARCH_USER_PATHS = NO;
				ARCHS = "$(ARCHS_STANDARD_64_BIT)";
				CLANG_CXX_LANGUAGE_STANDARD = "gnu++0x";
				CLANG_CXX_LIBRARY = "libc++";
				CLANG_WARN_EMPTY_BODY = YES;
				CLANG_WARN__DUPLICATE_METHOD_MATCH = YES;
				COPY_PHASE_STRIP = YES;
				DEBUG_INFORMATION_FORMAT = "dwarf-with-dsym";
				GCC_C_LANGUAGE_STANDARD = gnu99;
				GCC_ENABLE_OBJC_EXCEPTIONS = YES;
				GCC_VERSION = com.apple.compilers.llvmgcc42;
				GCC_WARN_64_TO_32_BIT_CONVERSION = YES;
				GCC_WARN_ABOUT_RETURN_TYPE = YES;
				GCC_WARN_UNINITIALIZED_AUTOS = YES;
				GCC_WARN_UNUSED_VARIABLE = YES;
				MACOSX_DEPLOYMENT_TARGET = 10.8;
				SDKROOT = macosx;
			};
			name = Release;
		};
		04A65DD1167CC050006FC8BC /* Debug */ = {
			isa = XCBuildConfiguration;
			buildSettings = {
				BOOST_PATH = /usr/local/Cellar/boost/1.52.0;
				GCC_PRECOMPILE_PREFIX_HEADER = YES;
				GCC_PREFIX_HEADER = "$(PROJECT_DIR)/../../src/common/cppnzb.pch";
				GCC_VERSION = com.apple.compilers.llvmgcc42;
				GCC_WARN_64_TO_32_BIT_CONVERSION = NO;
				GCC_WARN_ABOUT_DEPRECATED_FUNCTIONS = NO;
				GCC_WARN_UNINITIALIZED_AUTOS = NO;
				HEADER_SEARCH_PATHS = "$(BOOST_PATH)/include";
				LIBRARY_SEARCH_PATHS = (
					"$(inherited)",
					"$(BOOST_PATH)/lib",
				);
				OTHER_LDFLAGS = "-lboost_system-mt";
				PRELINK_LIBS = "";
				PRODUCT_NAME = "$(TARGET_NAME)";
			};
			name = Debug;
		};
		04A65DD2167CC050006FC8BC /* Release */ = {
			isa = XCBuildConfiguration;
			buildSettings = {
				BOOST_PATH = /usr/local/Cellar/boost/1.52.0;
				GCC_PRECOMPILE_PREFIX_HEADER = YES;
				GCC_PREFIX_HEADER = "$(PROJECT_DIR)/../../src/common/cppnzb.pch";
				GCC_VERSION = com.apple.compilers.llvmgcc42;
				GCC_WARN_64_TO_32_BIT_CONVERSION = NO;
				GCC_WARN_ABOUT_DEPRECATED_FUNCTIONS = NO;
				HEADER_SEARCH_PATHS = "$(BOOST_PATH)/include";
				LIBRARY_SEARCH_PATHS = (
					"$(inherited)",
					"$(BOOST_PATH)/lib",
				);
				OTHER_LDFLAGS = "-lboost_system-mt";
				PRELINK_LIBS = "";
				PRODUCT_NAME = "$(TARGET_NAME)";
			};
			name = Release;
		};
/* End XCBuildConfiguration section */

/* Begin XCConfigurationList section */
		04A65DC0167CC050006FC8BC /* Build configuration list for PBXProject "cppnzb" */ = {
			isa = XCConfigurationList;
			buildConfigurations = (
				04A65DCE167CC050006FC8BC /* Debug */,
				04A65DCF167CC050006FC8BC /* Release */,
			);
			defaultConfigurationIsVisible = 0;
			defaultConfigurationName = Release;
		};
		04A65DD0167CC050006FC8BC /* Build configuration list for PBXNativeTarget "cppnzb" */ = {
			isa = XCConfigurationList;
			buildConfigurations = (
				04A65DD1167CC050006FC8BC /* Debug */,
				04A65DD2167CC050006FC8BC /* Release */,
			);
			defaultConfigurationIsVisible = 0;
			defaultConfigurationName = Release;
		};
/* End XCConfigurationList section */
	};
	rootObject = 04A65DBD167CC050006FC8BC /* Project object */;
}
